github.com/gorilla/websocket v1.5.1 h1:gmztn0JnHVt9JZquRuzLw3g4wouNVzKL15iLr/zn/QY=
github.com/gorilla/websocket v1.5.1/go.mod h1:x3kM2JMyaluk02fnUJpQuwD2dCS5NDG2ZHL0uE0tcaY=
github.com/rthornton128/goncurses v0.0.0-20231014161942-82671379df88 h1:bNvZ7P4l4rvg1O3qNDRJ4FNgKASMoG+V7OIpu4SIkgA=
github.com/rthornton128/goncurses v0.0.0-20231014161942-82671379df88/go.mod h1:AHlKFomPTwmO7H2vL8d7VNrQNQmhMi/DBhDnHRhjbCo=
golang.org/x/net v0.17.0 h1:pVaXccu2ozPjCXewfr1S7xza/zcXTity9cCdXQYSjIM=
golang.org/x/net v0.17.0/go.mod h1:NxSsAGuq816PNPmqtQdLE42eU2Fs7NoRIZrHJAlaCOE=
